
Microsoft Visual Studio Solution File, Format Version 12.00
# Visual Studio 2012
Project("{8BC9CEB8-8B4A-11D0-8D11-00A0C91BC942}") = "VanicekPetr_i10248", "VanicekPetr_i10248\VanicekPetr_i10248.vcxproj", "{321BFD91-0DFA-4E5E-9ED9-810344CA1A3A}"
EndProject
Global
	GlobalSection(SolutionConfigurationPlatforms) = preSolution
		Debug|Win32 = Debug|Win32
		Release|Win32 = Release|Win32
	EndGlobalSection
	GlobalSection(ProjectConfigurationPlatforms) = postSolution
		{321BFD91-0DFA-4E5E-9ED9-810344CA1A3A}.Debug|Win32.ActiveCfg = Debug|Win32
		{321BFD91-0DFA-4E5E-9ED9-810344CA1A3A}.Debug|Win32.Build.0 = Debug|Win32
		{321BFD91-0DFA-4E5E-9ED9-810344CA1A3A}.Release|Win32.ActiveCfg = Release|Win32
		{321BFD91-0DFA-4E5E-9ED9-810344CA1A3A}.Release|Win32.Build.0 = Release|Win32
	EndGlobalSection
	GlobalSection(SolutionProperties) = preSolution
		HideSolutionNode = FALSE
	EndGlobalSection
EndGlobal
